lockVersion: 2.0.0
id: aa432114-6bc8-475d-9014-33d0489b8e8a
management:
  docChecksum: 1bdb7a6f8bf3995d4b40475228403253
  docVersion: 1.0.0
  speakeasyVersion: internal
  generationVersion: 2.250.12
  releaseVersion: 0.12.0
  configChecksum: 472c01b6264ee79b8f5b5d5266ea5b09
  repoURL: https://github.com/speakeasy-sdks/mycommerce-python-client.git
  repoSubDirectory: .
  installationURL: https://github.com/speakeasy-sdks/mycommerce-python-client.git
features:
  python:
    core: 4.4.5
    globalServerURLs: 2.82.1
generatedFiles:
  - src/mycommerce/sdkconfiguration.py
  - src/mycommerce/pets.py
  - src/mycommerce/sdk.py
  - pylintrc
  - setup.py
  - src/mycommerce/__init__.py
  - src/mycommerce/utils/__init__.py
  - src/mycommerce/utils/retries.py
  - src/mycommerce/utils/utils.py
  - src/mycommerce/models/errors/sdkerror.py
  - tests/helpers.py
  - src/mycommerce/models/operations/createpets.py
  - src/mycommerce/models/operations/listpets.py
  - src/mycommerce/models/operations/showpetbyid.py
  - src/mycommerce/models/shared/error.py
  - src/mycommerce/models/shared/pet.py
  - src/mycommerce/models/__init__.py
  - src/mycommerce/models/errors/__init__.py
  - src/mycommerce/models/operations/__init__.py
  - src/mycommerce/models/shared/__init__.py
  - docs/models/operations/createpetsresponse.md
  - docs/models/operations/listpetsrequest.md
  - docs/models/operations/listpetsresponse.md
  - docs/models/operations/showpetbyidrequest.md
  - docs/models/operations/showpetbyidresponse.md
  - docs/models/shared/error.md
  - docs/models/shared/pet.md
  - docs/sdks/mycommerce/README.md
  - docs/sdks/pets/README.md
  - USAGE.md
  - .gitattributes
